
Microsoft Visual Studio Solution File, Format Version 12.00
# Visual Studio 14
VisualStudioVersion = 14.0.25420.1
MinimumVisualStudioVersion = 10.0.40219.1
Project("{FAE04EC0-301F-11D3-BF4B-00C04F79EFBC}") = "DesignMode", "DesignMode\DesignMode.csproj", "{691E2AC7-1569-431B-94B6-2FF7CD746EF0}"
EndProject
Project("{FAE04EC0-301F-11D3-BF4B-00C04F79EFBC}") = "DecoratorMode", "DecoratorMode\DecoratorMode.csproj", "{30D78317-ACE2-40A9-8D69-510B3EAC9782}"
EndProject
Project("{FAE04EC0-301F-11D3-BF4B-00C04F79EFBC}") = "ProxyMode", "ProxyMode\ProxyMode.csproj", "{D9236B4F-3BEC-486D-8C99-52FC3A220B32}"
EndProject
Project("{FAE04EC0-301F-11D3-BF4B-00C04F79EFBC}") = "FactoryMethodMode", "FactoryMethodMode\FactoryMethodMode.csproj", "{DA66A91D-6C29-4733-8C55-B51907D8B671}"
EndProject
Project("{FAE04EC0-301F-11D3-BF4B-00C04F79EFBC}") = "PrototypeMode", "PrototypeMode\PrototypeMode.csproj", "{715AAFD0-441D-408B-B24B-A271BFD53D9D}"
EndProject
Project("{FAE04EC0-301F-11D3-BF4B-00C04F79EFBC}") = "TemplateMethodMode", "TemplateMethodMode\TemplateMethodMode.csproj", "{F4CF94AD-C2CE-4EF7-B281-9D04BDAFE48E}"
EndProject
Project("{FAE04EC0-301F-11D3-BF4B-00C04F79EFBC}") = "FacadeMode", "FacadeMode\FacadeMode.csproj", "{F6847FBB-708F-4B5B-B8FD-A3B1BF924195}"
EndProject
Project("{FAE04EC0-301F-11D3-BF4B-00C04F79EFBC}") = "AbstractFactoryMode", "AbstractFactoryMode\AbstractFactoryMode.csproj", "{A0D9FC97-59C7-4445-941A-057B3311BACD}"
EndProject
Project("{FAE04EC0-301F-11D3-BF4B-00C04F79EFBC}") = "ObserverMode", "ObserverMode\ObserverMode.csproj", "{99B726C0-7E18-42D2-A52F-1A5ACF7B9910}"
EndProject
Project("{FAE04EC0-301F-11D3-BF4B-00C04F79EFBC}") = "ObserverMode_观察者委托", "ObserverMode_观察者委托\ObserverMode_观察者委托.csproj", "{E7A050E8-D189-418C-9CAB-8903FCBC9FCD}"
EndProject
Project("{FAE04EC0-301F-11D3-BF4B-00C04F79EFBC}") = "AdapterMode", "AdapterMode_适配器模式\AdapterMode.csproj", "{5DC070D0-436F-430E-A696-9FEDBA6BAD53}"
EndProject
Project("{2150E333-8FDC-42A3-9474-1A3956D46DE8}") = "2-Structural Mode（结构型模式）", "2-Structural Mode（结构型模式）", "{3F862098-74E4-4CAA-B82C-5770B7E4A2B1}"
EndProject
Project("{2150E333-8FDC-42A3-9474-1A3956D46DE8}") = "1-Creaional Model（创建型模式）", "1-Creaional Model（创建型模式）", "{401D842C-A795-47A4-9E0E-03FF762D6E0B}"
EndProject
Project("{2150E333-8FDC-42A3-9474-1A3956D46DE8}") = "3-Behavioral Mode（行为型模式）", "3-Behavioral Mode（行为型模式）", "{24ED2F1D-C74B-48F8-967C-D77E7723841F}"
EndProject
Project("{2150E333-8FDC-42A3-9474-1A3956D46DE8}") = "07-Bridge（桥接模式）", "07-Bridge（桥接模式）", "{879F3172-FA20-410D-A1CA-490FF5B8EFEE}"
EndProject
Project("{2150E333-8FDC-42A3-9474-1A3956D46DE8}") = "08-Composite（组合模式）", "08-Composite（组合模式）", "{5242E972-DFD1-4120-A87A-DAF8C82B912E}"
EndProject
Project("{2150E333-8FDC-42A3-9474-1A3956D46DE8}") = "09-Decorator（装饰模式）", "09-Decorator（装饰模式）", "{68FA0D5B-8623-446D-A714-FC8F629FAAFD}"
EndProject
Project("{2150E333-8FDC-42A3-9474-1A3956D46DE8}") = "10-Facade（外观模式）", "10-Facade（外观模式）", "{713C74C5-C225-49EC-A9A2-DA4745949B2D}"
EndProject
Project("{2150E333-8FDC-42A3-9474-1A3956D46DE8}") = "11-Flyweight（享元模式）", "11-Flyweight（享元模式）", "{85BA87C9-4010-4B2E-9056-DB2B3EFACAD7}"
EndProject
Project("{2150E333-8FDC-42A3-9474-1A3956D46DE8}") = "12-Proxy（代理模式）", "12-Proxy（代理模式）", "{E74FD844-2124-4979-B257-DC7904E81213}"
EndProject
Project("{2150E333-8FDC-42A3-9474-1A3956D46DE8}") = "06-Adapter（适配器模式）", "06-Adapter（适配器模式）", "{0A138FE8-F5C6-4A08-8C7F-F828397597CB}"
EndProject
Project("{2150E333-8FDC-42A3-9474-1A3956D46DE8}") = "20-State（状态模式）", "20-State（状态模式）", "{AAA9EB3C-51E0-4FA1-8385-305924AF1449}"
EndProject
Project("{FAE04EC0-301F-11D3-BF4B-00C04F79EFBC}") = "StateMode", "StateMode\StateMode.csproj", "{6B4FFABE-51A8-4A85-8EDF-0898B03C72F5}"
EndProject
Project("{2150E333-8FDC-42A3-9474-1A3956D46DE8}") = "14-Command（命令模式）", "14-Command（命令模式）", "{8BCA78FA-5BDE-4E96-BEDB-4ECAC0305422}"
EndProject
Project("{FAE04EC0-301F-11D3-BF4B-00C04F79EFBC}") = "CommadMode", "CommadMode\CommadMode.csproj", "{2974458F-DF6B-48BA-8490-9F99B2AFDA00}"
EndProject
Project("{2150E333-8FDC-42A3-9474-1A3956D46DE8}") = "18-Memento（备忘录模式）", "18-Memento（备忘录模式）", "{A6E082CA-7473-4D00-BEB5-7B58B2DDA24B}"
EndProject
Project("{FAE04EC0-301F-11D3-BF4B-00C04F79EFBC}") = "MementoMode", "MementoMode\MementoMode.csproj", "{49CB8A17-7769-4A34-BED3-993774839359}"
EndProject
Project("{2150E333-8FDC-42A3-9474-1A3956D46DE8}") = "13-Chain of Responsibility（职责链模式）", "13-Chain of Responsibility（职责链模式）", "{F747C9FA-0F13-4AEA-9D88-173B3A6C20A2}"
EndProject
Project("{FAE04EC0-301F-11D3-BF4B-00C04F79EFBC}") = "ChainOfResponsibilityMode", "ChainOfResponsibilityMode\ChainOfResponsibilityMode.csproj", "{608F45D1-DF5D-48AF-9375-5490E3745043}"
EndProject
Project("{2150E333-8FDC-42A3-9474-1A3956D46DE8}") = "16-Iterator（迭代器模式）", "16-Iterator（迭代器模式）", "{1C5748BC-BF53-4FDA-8636-E63536582B74}"
EndProject
Project("{FAE04EC0-301F-11D3-BF4B-00C04F79EFBC}") = "IteratorMode", "IteratorMode\IteratorMode.csproj", "{07413AFE-7DAB-437C-9313-410CBD703EC1}"
EndProject
Project("{2150E333-8FDC-42A3-9474-1A3956D46DE8}") = "19-Observer（观察者模式）", "19-Observer（观察者模式）", "{1DF89B9E-6307-4293-9CE2-ADCFE8C538C0}"
EndProject
Project("{2150E333-8FDC-42A3-9474-1A3956D46DE8}") = "22-Template Method（模板方法模式）", "22-Template Method（模板方法模式）", "{4DB6071D-304A-4B7D-9E4A-031344D54129}"
EndProject
Project("{2150E333-8FDC-42A3-9474-1A3956D46DE8}") = "03-Facotry Method（工厂方法模式）", "03-Facotry Method（工厂方法模式）", "{F2D5D20F-C7F4-4619-BBCD-CF11C6565A93}"
EndProject
Project("{2150E333-8FDC-42A3-9474-1A3956D46DE8}") = "01-Abstract Factory（抽象工厂模式）", "01-Abstract Factory（抽象工厂模式）", "{291BC959-89DF-43BD-8626-B8FAA81961BF}"
EndProject
Project("{2150E333-8FDC-42A3-9474-1A3956D46DE8}") = "02-Builder（建造者模式）", "02-Builder（建造者模式）", "{250EA591-7214-46B2-840A-1FAEF2F48400}"
EndProject
Project("{FAE04EC0-301F-11D3-BF4B-00C04F79EFBC}") = "BuilderMode", "BuilderMode\BuilderMode.csproj", "{B59E17B8-1655-419E-BF4E-14967AB04300}"
EndProject
Project("{2150E333-8FDC-42A3-9474-1A3956D46DE8}") = "04-Prototype（原型模式）", "04-Prototype（原型模式）", "{7D291D37-BA0D-4A06-9C4A-46F30B6A70BD}"
EndProject
Project("{2150E333-8FDC-42A3-9474-1A3956D46DE8}") = "05-Singleton（单例模式）", "05-Singleton（单例模式）", "{F20C0BE6-D1E8-48B2-8574-50E212F097E5}"
EndProject
Project("{2150E333-8FDC-42A3-9474-1A3956D46DE8}") = "15-Interpreter（解释器模式）", "15-Interpreter（解释器模式）", "{1FB7B01B-028C-4FA2-BE1B-339733596665}"
EndProject
Project("{2150E333-8FDC-42A3-9474-1A3956D46DE8}") = "17-Mediator（中介者模式）", "17-Mediator（中介者模式）", "{3ECF190A-8B95-45C1-9D8D-F75974BBFC59}"
EndProject
Project("{2150E333-8FDC-42A3-9474-1A3956D46DE8}") = "21-Strategy（策略模式）", "21-Strategy（策略模式）", "{A6232BEE-8660-4E73-8ACA-E22CE58AAB56}"
EndProject
Project("{FAE04EC0-301F-11D3-BF4B-00C04F79EFBC}") = "SingletonMode", "SingletonMode\SingletonMode.csproj", "{AACE5B17-8924-4A9A-9656-E5BCA203AA98}"
EndProject
Project("{FAE04EC0-301F-11D3-BF4B-00C04F79EFBC}") = "BridgeMode", "BridgeMode\BridgeMode.csproj", "{D38A98F3-3E34-442E-B625-5B34749FB5C7}"
EndProject
Project("{FAE04EC0-301F-11D3-BF4B-00C04F79EFBC}") = "CompositeMode", "CompositeMode\CompositeMode.csproj", "{8939EEF5-C4FB-45FF-866E-7EA7A75D9F46}"
EndProject
Project("{FAE04EC0-301F-11D3-BF4B-00C04F79EFBC}") = "FlyweightMode", "FlyweightMode\FlyweightMode.csproj", "{EACF8F5B-EAF5-48C1-BB50-F497C869CAE7}"
EndProject
Project("{FAE04EC0-301F-11D3-BF4B-00C04F79EFBC}") = "InterpreterMode", "InterpreterMode\InterpreterMode.csproj", "{04E4364E-5B36-410B-9569-67524CF4CAED}"
EndProject
Project("{FAE04EC0-301F-11D3-BF4B-00C04F79EFBC}") = "MediatorMode", "MediatorMode\MediatorMode.csproj", "{89406E86-0F1D-4C84-9801-0562B2783A9A}"
EndProject
Global
	GlobalSection(SolutionConfigurationPlatforms) = preSolution
		Debug|Any CPU = Debug|Any CPU
		Release|Any CPU = Release|Any CPU
	EndGlobalSection
	GlobalSection(ProjectConfigurationPlatforms) = postSolution
		{691E2AC7-1569-431B-94B6-2FF7CD746EF0}.Debug|Any CPU.ActiveCfg = Debug|Any CPU
		{691E2AC7-1569-431B-94B6-2FF7CD746EF0}.Debug|Any CPU.Build.0 = Debug|Any CPU
		{691E2AC7-1569-431B-94B6-2FF7CD746EF0}.Release|Any CPU.ActiveCfg = Release|Any CPU
		{691E2AC7-1569-431B-94B6-2FF7CD746EF0}.Release|Any CPU.Build.0 = Release|Any CPU
		{30D78317-ACE2-40A9-8D69-510B3EAC9782}.Debug|Any CPU.ActiveCfg = Debug|Any CPU
		{30D78317-ACE2-40A9-8D69-510B3EAC9782}.Debug|Any CPU.Build.0 = Debug|Any CPU
		{30D78317-ACE2-40A9-8D69-510B3EAC9782}.Release|Any CPU.ActiveCfg = Release|Any CPU
		{30D78317-ACE2-40A9-8D69-510B3EAC9782}.Release|Any CPU.Build.0 = Release|Any CPU
		{D9236B4F-3BEC-486D-8C99-52FC3A220B32}.Debug|Any CPU.ActiveCfg = Debug|Any CPU
		{D9236B4F-3BEC-486D-8C99-52FC3A220B32}.Debug|Any CPU.Build.0 = Debug|Any CPU
		{D9236B4F-3BEC-486D-8C99-52FC3A220B32}.Release|Any CPU.ActiveCfg = Release|Any CPU
		{D9236B4F-3BEC-486D-8C99-52FC3A220B32}.Release|Any CPU.Build.0 = Release|Any CPU
		{DA66A91D-6C29-4733-8C55-B51907D8B671}.Debug|Any CPU.ActiveCfg = Debug|Any CPU
		{DA66A91D-6C29-4733-8C55-B51907D8B671}.Debug|Any CPU.Build.0 = Debug|Any CPU
		{DA66A91D-6C29-4733-8C55-B51907D8B671}.Release|Any CPU.ActiveCfg = Release|Any CPU
		{DA66A91D-6C29-4733-8C55-B51907D8B671}.Release|Any CPU.Build.0 = Release|Any CPU
		{715AAFD0-441D-408B-B24B-A271BFD53D9D}.Debug|Any CPU.ActiveCfg = Debug|Any CPU
		{715AAFD0-441D-408B-B24B-A271BFD53D9D}.Debug|Any CPU.Build.0 = Debug|Any CPU
		{715AAFD0-441D-408B-B24B-A271BFD53D9D}.Release|Any CPU.ActiveCfg = Release|Any CPU
		{715AAFD0-441D-408B-B24B-A271BFD53D9D}.Release|Any CPU.Build.0 = Release|Any CPU
		{F4CF94AD-C2CE-4EF7-B281-9D04BDAFE48E}.Debug|Any CPU.ActiveCfg = Debug|Any CPU
		{F4CF94AD-C2CE-4EF7-B281-9D04BDAFE48E}.Debug|Any CPU.Build.0 = Debug|Any CPU
		{F4CF94AD-C2CE-4EF7-B281-9D04BDAFE48E}.Release|Any CPU.ActiveCfg = Release|Any CPU
		{F4CF94AD-C2CE-4EF7-B281-9D04BDAFE48E}.Release|Any CPU.Build.0 = Release|Any CPU
		{F6847FBB-708F-4B5B-B8FD-A3B1BF924195}.Debug|Any CPU.ActiveCfg = Debug|Any CPU
		{F6847FBB-708F-4B5B-B8FD-A3B1BF924195}.Debug|Any CPU.Build.0 = Debug|Any CPU
		{F6847FBB-708F-4B5B-B8FD-A3B1BF924195}.Release|Any CPU.ActiveCfg = Release|Any CPU
		{F6847FBB-708F-4B5B-B8FD-A3B1BF924195}.Release|Any CPU.Build.0 = Release|Any CPU
		{A0D9FC97-59C7-4445-941A-057B3311BACD}.Debug|Any CPU.ActiveCfg = Debug|Any CPU
		{A0D9FC97-59C7-4445-941A-057B3311BACD}.Debug|Any CPU.Build.0 = Debug|Any CPU
		{A0D9FC97-59C7-4445-941A-057B3311BACD}.Release|Any CPU.ActiveCfg = Release|Any CPU
		{A0D9FC97-59C7-4445-941A-057B3311BACD}.Release|Any CPU.Build.0 = Release|Any CPU
		{99B726C0-7E18-42D2-A52F-1A5ACF7B9910}.Debug|Any CPU.ActiveCfg = Debug|Any CPU
		{99B726C0-7E18-42D2-A52F-1A5ACF7B9910}.Debug|Any CPU.Build.0 = Debug|Any CPU
		{99B726C0-7E18-42D2-A52F-1A5ACF7B9910}.Release|Any CPU.ActiveCfg = Release|Any CPU
		{99B726C0-7E18-42D2-A52F-1A5ACF7B9910}.Release|Any CPU.Build.0 = Release|Any CPU
		{E7A050E8-D189-418C-9CAB-8903FCBC9FCD}.Debug|Any CPU.ActiveCfg = Debug|Any CPU
		{E7A050E8-D189-418C-9CAB-8903FCBC9FCD}.Debug|Any CPU.Build.0 = Debug|Any CPU
		{E7A050E8-D189-418C-9CAB-8903FCBC9FCD}.Release|Any CPU.ActiveCfg = Release|Any CPU
		{E7A050E8-D189-418C-9CAB-8903FCBC9FCD}.Release|Any CPU.Build.0 = Release|Any CPU
		{5DC070D0-436F-430E-A696-9FEDBA6BAD53}.Debug|Any CPU.ActiveCfg = Debug|Any CPU
		{5DC070D0-436F-430E-A696-9FEDBA6BAD53}.Debug|Any CPU.Build.0 = Debug|Any CPU
		{5DC070D0-436F-430E-A696-9FEDBA6BAD53}.Release|Any CPU.ActiveCfg = Release|Any CPU
		{5DC070D0-436F-430E-A696-9FEDBA6BAD53}.Release|Any CPU.Build.0 = Release|Any CPU
		{6B4FFABE-51A8-4A85-8EDF-0898B03C72F5}.Debug|Any CPU.ActiveCfg = Debug|Any CPU
		{6B4FFABE-51A8-4A85-8EDF-0898B03C72F5}.Debug|Any CPU.Build.0 = Debug|Any CPU
		{6B4FFABE-51A8-4A85-8EDF-0898B03C72F5}.Release|Any CPU.ActiveCfg = Release|Any CPU
		{6B4FFABE-51A8-4A85-8EDF-0898B03C72F5}.Release|Any CPU.Build.0 = Release|Any CPU
		{2974458F-DF6B-48BA-8490-9F99B2AFDA00}.Debug|Any CPU.ActiveCfg = Debug|Any CPU
		{2974458F-DF6B-48BA-8490-9F99B2AFDA00}.Debug|Any CPU.Build.0 = Debug|Any CPU
		{2974458F-DF6B-48BA-8490-9F99B2AFDA00}.Release|Any CPU.ActiveCfg = Release|Any CPU
		{2974458F-DF6B-48BA-8490-9F99B2AFDA00}.Release|Any CPU.Build.0 = Release|Any CPU
		{49CB8A17-7769-4A34-BED3-993774839359}.Debug|Any CPU.ActiveCfg = Debug|Any CPU
		{49CB8A17-7769-4A34-BED3-993774839359}.Debug|Any CPU.Build.0 = Debug|Any CPU
		{49CB8A17-7769-4A34-BED3-993774839359}.Release|Any CPU.ActiveCfg = Release|Any CPU
		{49CB8A17-7769-4A34-BED3-993774839359}.Release|Any CPU.Build.0 = Release|Any CPU
		{608F45D1-DF5D-48AF-9375-5490E3745043}.Debug|Any CPU.ActiveCfg = Debug|Any CPU
		{608F45D1-DF5D-48AF-9375-5490E3745043}.Debug|Any CPU.Build.0 = Debug|Any CPU
		{608F45D1-DF5D-48AF-9375-5490E3745043}.Release|Any CPU.ActiveCfg = Release|Any CPU
		{608F45D1-DF5D-48AF-9375-5490E3745043}.Release|Any CPU.Build.0 = Release|Any CPU
		{07413AFE-7DAB-437C-9313-410CBD703EC1}.Debug|Any CPU.ActiveCfg = Debug|Any CPU
		{07413AFE-7DAB-437C-9313-410CBD703EC1}.Debug|Any CPU.Build.0 = Debug|Any CPU
		{07413AFE-7DAB-437C-9313-410CBD703EC1}.Release|Any CPU.ActiveCfg = Release|Any CPU
		{07413AFE-7DAB-437C-9313-410CBD703EC1}.Release|Any CPU.Build.0 = Release|Any CPU
		{B59E17B8-1655-419E-BF4E-14967AB04300}.Debug|Any CPU.ActiveCfg = Debug|Any CPU
		{B59E17B8-1655-419E-BF4E-14967AB04300}.Debug|Any CPU.Build.0 = Debug|Any CPU
		{B59E17B8-1655-419E-BF4E-14967AB04300}.Release|Any CPU.ActiveCfg = Release|Any CPU
		{B59E17B8-1655-419E-BF4E-14967AB04300}.Release|Any CPU.Build.0 = Release|Any CPU
		{AACE5B17-8924-4A9A-9656-E5BCA203AA98}.Debug|Any CPU.ActiveCfg = Debug|Any CPU
		{AACE5B17-8924-4A9A-9656-E5BCA203AA98}.Debug|Any CPU.Build.0 = Debug|Any CPU
		{AACE5B17-8924-4A9A-9656-E5BCA203AA98}.Release|Any CPU.ActiveCfg = Release|Any CPU
		{AACE5B17-8924-4A9A-9656-E5BCA203AA98}.Release|Any CPU.Build.0 = Release|Any CPU
		{D38A98F3-3E34-442E-B625-5B34749FB5C7}.Debug|Any CPU.ActiveCfg = Debug|Any CPU
		{D38A98F3-3E34-442E-B625-5B34749FB5C7}.Debug|Any CPU.Build.0 = Debug|Any CPU
		{D38A98F3-3E34-442E-B625-5B34749FB5C7}.Release|Any CPU.ActiveCfg = Release|Any CPU
		{D38A98F3-3E34-442E-B625-5B34749FB5C7}.Release|Any CPU.Build.0 = Release|Any CPU
		{8939EEF5-C4FB-45FF-866E-7EA7A75D9F46}.Debug|Any CPU.ActiveCfg = Debug|Any CPU
		{8939EEF5-C4FB-45FF-866E-7EA7A75D9F46}.Debug|Any CPU.Build.0 = Debug|Any CPU
		{8939EEF5-C4FB-45FF-866E-7EA7A75D9F46}.Release|Any CPU.ActiveCfg = Release|Any CPU
		{8939EEF5-C4FB-45FF-866E-7EA7A75D9F46}.Release|Any CPU.Build.0 = Release|Any CPU
		{EACF8F5B-EAF5-48C1-BB50-F497C869CAE7}.Debug|Any CPU.ActiveCfg = Debug|Any CPU
		{EACF8F5B-EAF5-48C1-BB50-F497C869CAE7}.Debug|Any CPU.Build.0 = Debug|Any CPU
		{EACF8F5B-EAF5-48C1-BB50-F497C869CAE7}.Release|Any CPU.ActiveCfg = Release|Any CPU
		{EACF8F5B-EAF5-48C1-BB50-F497C869CAE7}.Release|Any CPU.Build.0 = Release|Any CPU
		{04E4364E-5B36-410B-9569-67524CF4CAED}.Debug|Any CPU.ActiveCfg = Debug|Any CPU
		{04E4364E-5B36-410B-9569-67524CF4CAED}.Debug|Any CPU.Build.0 = Debug|Any CPU
		{04E4364E-5B36-410B-9569-67524CF4CAED}.Release|Any CPU.ActiveCfg = Release|Any CPU
		{04E4364E-5B36-410B-9569-67524CF4CAED}.Release|Any CPU.Build.0 = Release|Any CPU
		{89406E86-0F1D-4C84-9801-0562B2783A9A}.Debug|Any CPU.ActiveCfg = Debug|Any CPU
		{89406E86-0F1D-4C84-9801-0562B2783A9A}.Debug|Any CPU.Build.0 = Debug|Any CPU
		{89406E86-0F1D-4C84-9801-0562B2783A9A}.Release|Any CPU.ActiveCfg = Release|Any CPU
		{89406E86-0F1D-4C84-9801-0562B2783A9A}.Release|Any CPU.Build.0 = Release|Any CPU
	EndGlobalSection
	GlobalSection(SolutionProperties) = preSolution
		HideSolutionNode = FALSE
	EndGlobalSection
	GlobalSection(NestedProjects) = preSolution
		{30D78317-ACE2-40A9-8D69-510B3EAC9782} = {68FA0D5B-8623-446D-A714-FC8F629FAAFD}
		{D9236B4F-3BEC-486D-8C99-52FC3A220B32} = {E74FD844-2124-4979-B257-DC7904E81213}
		{DA66A91D-6C29-4733-8C55-B51907D8B671} = {F2D5D20F-C7F4-4619-BBCD-CF11C6565A93}
		{715AAFD0-441D-408B-B24B-A271BFD53D9D} = {7D291D37-BA0D-4A06-9C4A-46F30B6A70BD}
		{F4CF94AD-C2CE-4EF7-B281-9D04BDAFE48E} = {4DB6071D-304A-4B7D-9E4A-031344D54129}
		{F6847FBB-708F-4B5B-B8FD-A3B1BF924195} = {713C74C5-C225-49EC-A9A2-DA4745949B2D}
		{A0D9FC97-59C7-4445-941A-057B3311BACD} = {291BC959-89DF-43BD-8626-B8FAA81961BF}
		{99B726C0-7E18-42D2-A52F-1A5ACF7B9910} = {1DF89B9E-6307-4293-9CE2-ADCFE8C538C0}
		{E7A050E8-D189-418C-9CAB-8903FCBC9FCD} = {1DF89B9E-6307-4293-9CE2-ADCFE8C538C0}
		{5DC070D0-436F-430E-A696-9FEDBA6BAD53} = {0A138FE8-F5C6-4A08-8C7F-F828397597CB}
		{879F3172-FA20-410D-A1CA-490FF5B8EFEE} = {3F862098-74E4-4CAA-B82C-5770B7E4A2B1}
		{5242E972-DFD1-4120-A87A-DAF8C82B912E} = {3F862098-74E4-4CAA-B82C-5770B7E4A2B1}
		{68FA0D5B-8623-446D-A714-FC8F629FAAFD} = {3F862098-74E4-4CAA-B82C-5770B7E4A2B1}
		{713C74C5-C225-49EC-A9A2-DA4745949B2D} = {3F862098-74E4-4CAA-B82C-5770B7E4A2B1}
		{85BA87C9-4010-4B2E-9056-DB2B3EFACAD7} = {3F862098-74E4-4CAA-B82C-5770B7E4A2B1}
		{E74FD844-2124-4979-B257-DC7904E81213} = {3F862098-74E4-4CAA-B82C-5770B7E4A2B1}
		{0A138FE8-F5C6-4A08-8C7F-F828397597CB} = {3F862098-74E4-4CAA-B82C-5770B7E4A2B1}
		{AAA9EB3C-51E0-4FA1-8385-305924AF1449} = {24ED2F1D-C74B-48F8-967C-D77E7723841F}
		{6B4FFABE-51A8-4A85-8EDF-0898B03C72F5} = {AAA9EB3C-51E0-4FA1-8385-305924AF1449}
		{8BCA78FA-5BDE-4E96-BEDB-4ECAC0305422} = {24ED2F1D-C74B-48F8-967C-D77E7723841F}
		{2974458F-DF6B-48BA-8490-9F99B2AFDA00} = {8BCA78FA-5BDE-4E96-BEDB-4ECAC0305422}
		{A6E082CA-7473-4D00-BEB5-7B58B2DDA24B} = {24ED2F1D-C74B-48F8-967C-D77E7723841F}
		{49CB8A17-7769-4A34-BED3-993774839359} = {A6E082CA-7473-4D00-BEB5-7B58B2DDA24B}
		{F747C9FA-0F13-4AEA-9D88-173B3A6C20A2} = {24ED2F1D-C74B-48F8-967C-D77E7723841F}
		{608F45D1-DF5D-48AF-9375-5490E3745043} = {F747C9FA-0F13-4AEA-9D88-173B3A6C20A2}
		{1C5748BC-BF53-4FDA-8636-E63536582B74} = {24ED2F1D-C74B-48F8-967C-D77E7723841F}
		{07413AFE-7DAB-437C-9313-410CBD703EC1} = {1C5748BC-BF53-4FDA-8636-E63536582B74}
		{1DF89B9E-6307-4293-9CE2-ADCFE8C538C0} = {24ED2F1D-C74B-48F8-967C-D77E7723841F}
		{4DB6071D-304A-4B7D-9E4A-031344D54129} = {24ED2F1D-C74B-48F8-967C-D77E7723841F}
		{F2D5D20F-C7F4-4619-BBCD-CF11C6565A93} = {401D842C-A795-47A4-9E0E-03FF762D6E0B}
		{291BC959-89DF-43BD-8626-B8FAA81961BF} = {401D842C-A795-47A4-9E0E-03FF762D6E0B}
		{250EA591-7214-46B2-840A-1FAEF2F48400} = {401D842C-A795-47A4-9E0E-03FF762D6E0B}
		{B59E17B8-1655-419E-BF4E-14967AB04300} = {250EA591-7214-46B2-840A-1FAEF2F48400}
		{7D291D37-BA0D-4A06-9C4A-46F30B6A70BD} = {401D842C-A795-47A4-9E0E-03FF762D6E0B}
		{F20C0BE6-D1E8-48B2-8574-50E212F097E5} = {401D842C-A795-47A4-9E0E-03FF762D6E0B}
		{1FB7B01B-028C-4FA2-BE1B-339733596665} = {24ED2F1D-C74B-48F8-967C-D77E7723841F}
		{3ECF190A-8B95-45C1-9D8D-F75974BBFC59} = {24ED2F1D-C74B-48F8-967C-D77E7723841F}
		{A6232BEE-8660-4E73-8ACA-E22CE58AAB56} = {24ED2F1D-C74B-48F8-967C-D77E7723841F}
		{AACE5B17-8924-4A9A-9656-E5BCA203AA98} = {F20C0BE6-D1E8-48B2-8574-50E212F097E5}
		{D38A98F3-3E34-442E-B625-5B34749FB5C7} = {879F3172-FA20-410D-A1CA-490FF5B8EFEE}
		{8939EEF5-C4FB-45FF-866E-7EA7A75D9F46} = {5242E972-DFD1-4120-A87A-DAF8C82B912E}
		{EACF8F5B-EAF5-48C1-BB50-F497C869CAE7} = {85BA87C9-4010-4B2E-9056-DB2B3EFACAD7}
		{04E4364E-5B36-410B-9569-67524CF4CAED} = {1FB7B01B-028C-4FA2-BE1B-339733596665}
		{89406E86-0F1D-4C84-9801-0562B2783A9A} = {3ECF190A-8B95-45C1-9D8D-F75974BBFC59}
	EndGlobalSection
EndGlobal
